
Microsoft Visual Studio Solution File, Format Version 12.00
# Visual Studio Version 17
VisualStudioVersion = 17.7.34003.232
MinimumVisualStudioVersion = 10.0.40219.1
Project("{FAE04EC0-301F-11D3-BF4B-00C04F79EFBC}") = "Structs", "Structs\Structs.csproj", "{CA6A6E8B-C645-4BC5-B6C7-705DA92B0472}"
EndProject
Global
	GlobalSection(SolutionConfigurationPlatforms) = preSolution
		Debug|Any CPU = Debug|Any CPU
		Release|Any CPU = Release|Any CPU
	EndGlobalSection
	GlobalSection(ProjectConfigurationPlatforms) = postSolution
		{CA6A6E8B-C645-4BC5-B6C7-705DA92B0472}.Debug|Any CPU.ActiveCfg = Debug|Any CPU
		{CA6A6E8B-C645-4BC5-B6C7-705DA92B0472}.Debug|Any CPU.Build.0 = Debug|Any CPU
		{CA6A6E8B-C645-4BC5-B6C7-705DA92B0472}.Release|Any CPU.ActiveCfg = Release|Any CPU
		{CA6A6E8B-C645-4BC5-B6C7-705DA92B0472}.Release|Any CPU.Build.0 = Release|Any CPU
	EndGlobalSection
	GlobalSection(SolutionProperties) = preSolution
		HideSolutionNode = FALSE
	EndGlobalSection
	GlobalSection(ExtensibilityGlobals) = postSolution
		SolutionGuid = {7B1138A5-108F-4E20-8AFB-21CE86B1A4A5}
	EndGlobalSection
EndGlobal
